
Microsoft Visual Studio Solution File, Format Version 12.00
# Visual Studio Version 16
VisualStudioVersion = 16.0.30626.31
MinimumVisualStudioVersion = 10.0.40219.1
Project("{FAE04EC0-301F-11D3-BF4B-00C04F79EFBC}") = "SendAndReceiveEvents", "SendAndReceiveEvents\SendAndReceiveEvents.csproj", "{04A2E978-A385-48E0-910B-8D8D083CC5EE}"
EndProject
Project("{FAE04EC0-301F-11D3-BF4B-00C04F79EFBC}") = "SendEvents", "SendEvents\SendEvents.csproj", "{9F46BC98-FAC2-4E19-9420-52E1C3FC8A68}"
EndProject
Global
	GlobalSection(SolutionConfigurationPlatforms) = preSolution
		Debug|Any CPU = Debug|Any CPU
		Release|Any CPU = Release|Any CPU
	EndGlobalSection
	GlobalSection(ProjectConfigurationPlatforms) = postSolution
		{04A2E978-A385-48E0-910B-8D8D083CC5EE}.Debug|Any CPU.ActiveCfg = Debug|Any CPU
		{04A2E978-A385-48E0-910B-8D8D083CC5EE}.Debug|Any CPU.Build.0 = Debug|Any CPU
		{04A2E978-A385-48E0-910B-8D8D083CC5EE}.Release|Any CPU.ActiveCfg = Release|Any CPU
		{04A2E978-A385-48E0-910B-8D8D083CC5EE}.Release|Any CPU.Build.0 = Release|Any CPU
		{9F46BC98-FAC2-4E19-9420-52E1C3FC8A68}.Debug|Any CPU.ActiveCfg = Debug|Any CPU
		{9F46BC98-FAC2-4E19-9420-52E1C3FC8A68}.Debug|Any CPU.Build.0 = Debug|Any CPU
		{9F46BC98-FAC2-4E19-9420-52E1C3FC8A68}.Release|Any CPU.ActiveCfg = Release|Any CPU
		{9F46BC98-FAC2-4E19-9420-52E1C3FC8A68}.Release|Any CPU.Build.0 = Release|Any CPU
	EndGlobalSection
	GlobalSection(SolutionProperties) = preSolution
		HideSolutionNode = FALSE
	EndGlobalSection
	GlobalSection(ExtensibilityGlobals) = postSolution
		SolutionGuid = {70C6AE7B-9726-4741-881B-108ACAE162EF}
	EndGlobalSection
EndGlobal
